
Microsoft Visual Studio Solution File, Format Version 12.00
# Visual Studio Version 17
VisualStudioVersion = 17.5.33424.131
MinimumVisualStudioVersion = 10.0.40219.1
Project("{9092AA53-FB77-4645-B42D-1CCCA6BD08BD}") = "YaMessengerHelpDesk", "YaMessengerHelpDesk.njsproj", "{BF17CCC8-EC8F-4A8B-B13A-703416821932}"
EndProject
Global
	GlobalSection(SolutionConfigurationPlatforms) = preSolution
		Debug|Any CPU = Debug|Any CPU
		Release|Any CPU = Release|Any CPU
	EndGlobalSection
	GlobalSection(ProjectConfigurationPlatforms) = postSolution
		{BF17CCC8-EC8F-4A8B-B13A-703416821932}.Debug|Any CPU.ActiveCfg = Debug|Any CPU
		{BF17CCC8-EC8F-4A8B-B13A-703416821932}.Debug|Any CPU.Build.0 = Debug|Any CPU
		{BF17CCC8-EC8F-4A8B-B13A-703416821932}.Release|Any CPU.ActiveCfg = Release|Any CPU
		{BF17CCC8-EC8F-4A8B-B13A-703416821932}.Release|Any CPU.Build.0 = Release|Any CPU
	EndGlobalSection
	GlobalSection(SolutionProperties) = preSolution
		HideSolutionNode = FALSE
	EndGlobalSection
	GlobalSection(ExtensibilityGlobals) = postSolution
		SolutionGuid = {01F3710B-B8DD-463C-A384-590ACD5FA90F}
	EndGlobalSection
EndGlobal
